
Microsoft Visual Studio Solution File, Format Version 12.00
# Visual Studio Version 17
VisualStudioVersion = 17.13.35919.96 d17.13
MinimumVisualStudioVersion = 10.0.40219.1
Project("{FAE04EC0-301F-11D3-BF4B-00C04F79EFBC}") = "wpf_commands", "wpf_commands.csproj", "{974F9CDD-7F52-4947-A841-E2801AB7173B}"
EndProject
Global
	GlobalSection(SolutionConfigurationPlatforms) = preSolution
		Debug|Any CPU = Debug|Any CPU
		Release|Any CPU = Release|Any CPU
	EndGlobalSection
	GlobalSection(ProjectConfigurationPlatforms) = postSolution
		{974F9CDD-7F52-4947-A841-E2801AB7173B}.Debug|Any CPU.ActiveCfg = Debug|Any CPU
		{974F9CDD-7F52-4947-A841-E2801AB7173B}.Debug|Any CPU.Build.0 = Debug|Any CPU
		{974F9CDD-7F52-4947-A841-E2801AB7173B}.Release|Any CPU.ActiveCfg = Release|Any CPU
		{974F9CDD-7F52-4947-A841-E2801AB7173B}.Release|Any CPU.Build.0 = Release|Any CPU
	EndGlobalSection
	GlobalSection(SolutionProperties) = preSolution
		HideSolutionNode = FALSE
	EndGlobalSection
	GlobalSection(ExtensibilityGlobals) = postSolution
		SolutionGuid = {A58D8969-A76B-4D5F-9D25-471F9E3D9BFD}
	EndGlobalSection
EndGlobal
